{
  "name": "WebAppExample",
  "lockfileVersion": 3,
  "requires": true,
  "packages": {
    "": {
      "dependencies": {
        "base-class-ts": "^1.0.1"
      }
    },
    "node_modules/base-class-ts": {
      "version": "1.0.1",
      "resolved": "https://registry.npmjs.org/base-class-ts/-/base-class-ts-1.0.1.tgz",
      "integrity": "sha512-IPSgtwvQ6KdI8K9yChec/CGk+PU+wA1OnV83aprGUruJrEV52n+7GLK6k3gw9DjEWU3ZY59ca0DVUS6q907W0Q=="
    }
  }
}
